
Microsoft Visual Studio Solution File, Format Version 12.00
# Visual Studio Version 17
VisualStudioVersion = 17.8.34309.116
MinimumVisualStudioVersion = 10.0.40219.1
Project("{9A19103F-16F7-4668-BE54-9A1E7A4F7556}") = "PluginFramework", "PluginFramework\PluginFramework.csproj", "{1B07485E-2029-401A-AEE2-A98D16E2CD69}"
EndProject
Project("{FAE04EC0-301F-11D3-BF4B-00C04F79EFBC}") = "AddingEffectPlugin.cs", "AddingEffectPlugin.cs\AddingEffectPlugin.cs.csproj", "{E5E91DBA-073A-4812-8C7B-1A12F5321019}"
EndProject
Project("{FAE04EC0-301F-11D3-BF4B-00C04F79EFBC}") = "PluginFramework.Common", "PluginFramework.Common\PluginFramework.Common.csproj", "{2DE36146-E79C-498C-AE52-D2D3B6E6E777}"
EndProject
Project("{2150E333-8FDC-42A3-9474-1A3956D46DE8}") = "Plugins", "Plugins", "{BAE883E7-108D-4C75-B962-06592A0EBC26}"
EndProject
Global
	GlobalSection(SolutionConfigurationPlatforms) = preSolution
		Debug|Any CPU = Debug|Any CPU
		Release|Any CPU = Release|Any CPU
	EndGlobalSection
	GlobalSection(ProjectConfigurationPlatforms) = postSolution
		{1B07485E-2029-401A-AEE2-A98D16E2CD69}.Debug|Any CPU.ActiveCfg = Debug|Any CPU
		{1B07485E-2029-401A-AEE2-A98D16E2CD69}.Debug|Any CPU.Build.0 = Debug|Any CPU
		{1B07485E-2029-401A-AEE2-A98D16E2CD69}.Release|Any CPU.ActiveCfg = Release|Any CPU
		{1B07485E-2029-401A-AEE2-A98D16E2CD69}.Release|Any CPU.Build.0 = Release|Any CPU
		{E5E91DBA-073A-4812-8C7B-1A12F5321019}.Debug|Any CPU.ActiveCfg = Debug|Any CPU
		{E5E91DBA-073A-4812-8C7B-1A12F5321019}.Debug|Any CPU.Build.0 = Debug|Any CPU
		{E5E91DBA-073A-4812-8C7B-1A12F5321019}.Release|Any CPU.ActiveCfg = Release|Any CPU
		{E5E91DBA-073A-4812-8C7B-1A12F5321019}.Release|Any CPU.Build.0 = Release|Any CPU
		{2DE36146-E79C-498C-AE52-D2D3B6E6E777}.Debug|Any CPU.ActiveCfg = Debug|Any CPU
		{2DE36146-E79C-498C-AE52-D2D3B6E6E777}.Debug|Any CPU.Build.0 = Debug|Any CPU
		{2DE36146-E79C-498C-AE52-D2D3B6E6E777}.Release|Any CPU.ActiveCfg = Release|Any CPU
		{2DE36146-E79C-498C-AE52-D2D3B6E6E777}.Release|Any CPU.Build.0 = Release|Any CPU
	EndGlobalSection
	GlobalSection(SolutionProperties) = preSolution
		HideSolutionNode = FALSE
	EndGlobalSection
	GlobalSection(NestedProjects) = preSolution
		{E5E91DBA-073A-4812-8C7B-1A12F5321019} = {BAE883E7-108D-4C75-B962-06592A0EBC26}
	EndGlobalSection
	GlobalSection(ExtensibilityGlobals) = postSolution
		SolutionGuid = {156AAFC0-639A-419B-9D35-13D48EB65C77}
	EndGlobalSection
EndGlobal
